
Microsoft Visual Studio Solution File, Format Version 12.00
# Visual Studio 15
VisualStudioVersion = 15.0.28010.2016
MinimumVisualStudioVersion = 10.0.40219.1
Project("{9A19103F-16F7-4668-BE54-9A1E7A4F7556}") = "SJTech.Web", "SJTech.Web\SJTech.Web.csproj", "{6BEB798F-35A2-42E1-8096-C02C44AA18B1}"
EndProject
Project("{2150E333-8FDC-42A3-9474-1A3956D46DE8}") = "SJLib", "SJLib", "{6622EB4A-4DB5-4AF8-AD5A-02D1634F411A}"
EndProject
Project("{9A19103F-16F7-4668-BE54-9A1E7A4F7556}") = "SJTech.Core", "SJTech.Web.Core\SJTech.Core.csproj", "{9D7C6926-7E3C-4537-8FF0-D34D716FB61A}"
EndProject
Project("{9A19103F-16F7-4668-BE54-9A1E7A4F7556}") = "SJTech.Mvc.UI", "SJTech.Web.UI\SJTech.Mvc.UI.csproj", "{87250CBD-6FB2-4AD6-B5A0-7DC59A92E835}"
EndProject
Project("{9A19103F-16F7-4668-BE54-9A1E7A4F7556}") = "SJTech.Repository", "SJTech.Web.Repository\SJTech.Repository.csproj", "{23A9D816-34D0-4BA3-8FA7-41F54AC860DB}"
EndProject
Project("{9A19103F-16F7-4668-BE54-9A1E7A4F7556}") = "SJTech.Service", "SJTech.Web.Service\SJTech.Service.csproj", "{CFA9671E-E99D-473F-8579-4E91708120C3}"
EndProject
Project("{9A19103F-16F7-4668-BE54-9A1E7A4F7556}") = "SJTech.SMS", "SJTech.Web.SMS\SJTech.SMS.csproj", "{193D4EDD-AF84-4649-B568-C8D3CEA021F6}"
EndProject
Project("{9A19103F-16F7-4668-BE54-9A1E7A4F7556}") = "SJTech.Utility", "SJTech.Web.Utility\SJTech.Utility.csproj", "{DE3713F7-690B-4C55-83F6-EF963CC6FB5F}"
EndProject
Project("{9A19103F-16F7-4668-BE54-9A1E7A4F7556}") = "SJTech.Tool.Core", "SJTech.Tool.Core\SJTech.Tool.Core.csproj", "{845DD659-A9ED-48E3-A4B9-CD192A6D1F89}"
EndProject
Project("{9A19103F-16F7-4668-BE54-9A1E7A4F7556}") = "SJTech.Mvc", "SJTech.Mvc\SJTech.Mvc.csproj", "{6009A280-C1C3-4B3C-AFF0-1774E877E99C}"
EndProject
Project("{9A19103F-16F7-4668-BE54-9A1E7A4F7556}") = "SJTech.Office", "SJTech.Office\SJTech.Office.csproj", "{27B392A8-0EB1-4744-B6EE-07B12532BF37}"
EndProject
Project("{9A19103F-16F7-4668-BE54-9A1E7A4F7556}") = "SJTech.Log", "SJTech.Log\SJTech.Log.csproj", "{39A1153C-7C7A-42FE-A214-2F630772C1F1}"
EndProject
Project("{9A19103F-16F7-4668-BE54-9A1E7A4F7556}") = "SJTech.Threads", "SJTech.Threads\SJTech.Threads.csproj", "{9EDD7B24-B676-47C8-908F-D899C4F1DA7B}"
EndProject
Project("{2150E333-8FDC-42A3-9474-1A3956D46DE8}") = "Area", "Area", "{84EF677B-0D8F-4D7B-A5F8-86D5643111C8}"
EndProject
Project("{FAE04EC0-301F-11D3-BF4B-00C04F79EFBC}") = "SJTech.Areas.Admin", "SJTech.Areas.Admin\SJTech.Areas.Admin.csproj", "{1A5B4D2F-DC04-4369-B436-37BC711410CC}"
EndProject
Global
	GlobalSection(SolutionConfigurationPlatforms) = preSolution
		Debug|Any CPU = Debug|Any CPU
		Release|Any CPU = Release|Any CPU
	EndGlobalSection
	GlobalSection(ProjectConfigurationPlatforms) = postSolution
		{6BEB798F-35A2-42E1-8096-C02C44AA18B1}.Debug|Any CPU.ActiveCfg = Debug|Any CPU
		{6BEB798F-35A2-42E1-8096-C02C44AA18B1}.Debug|Any CPU.Build.0 = Debug|Any CPU
		{6BEB798F-35A2-42E1-8096-C02C44AA18B1}.Release|Any CPU.ActiveCfg = Release|Any CPU
		{6BEB798F-35A2-42E1-8096-C02C44AA18B1}.Release|Any CPU.Build.0 = Release|Any CPU
		{9D7C6926-7E3C-4537-8FF0-D34D716FB61A}.Debug|Any CPU.ActiveCfg = Debug|Any CPU
		{9D7C6926-7E3C-4537-8FF0-D34D716FB61A}.Debug|Any CPU.Build.0 = Debug|Any CPU
		{9D7C6926-7E3C-4537-8FF0-D34D716FB61A}.Release|Any CPU.ActiveCfg = Release|Any CPU
		{9D7C6926-7E3C-4537-8FF0-D34D716FB61A}.Release|Any CPU.Build.0 = Release|Any CPU
		{87250CBD-6FB2-4AD6-B5A0-7DC59A92E835}.Debug|Any CPU.ActiveCfg = Debug|Any CPU
		{87250CBD-6FB2-4AD6-B5A0-7DC59A92E835}.Debug|Any CPU.Build.0 = Debug|Any CPU
		{87250CBD-6FB2-4AD6-B5A0-7DC59A92E835}.Release|Any CPU.ActiveCfg = Release|Any CPU
		{87250CBD-6FB2-4AD6-B5A0-7DC59A92E835}.Release|Any CPU.Build.0 = Release|Any CPU
		{23A9D816-34D0-4BA3-8FA7-41F54AC860DB}.Debug|Any CPU.ActiveCfg = Debug|Any CPU
		{23A9D816-34D0-4BA3-8FA7-41F54AC860DB}.Debug|Any CPU.Build.0 = Debug|Any CPU
		{23A9D816-34D0-4BA3-8FA7-41F54AC860DB}.Release|Any CPU.ActiveCfg = Release|Any CPU
		{23A9D816-34D0-4BA3-8FA7-41F54AC860DB}.Release|Any CPU.Build.0 = Release|Any CPU
		{CFA9671E-E99D-473F-8579-4E91708120C3}.Debug|Any CPU.ActiveCfg = Debug|Any CPU
		{CFA9671E-E99D-473F-8579-4E91708120C3}.Debug|Any CPU.Build.0 = Debug|Any CPU
		{CFA9671E-E99D-473F-8579-4E91708120C3}.Release|Any CPU.ActiveCfg = Release|Any CPU
		{CFA9671E-E99D-473F-8579-4E91708120C3}.Release|Any CPU.Build.0 = Release|Any CPU
		{193D4EDD-AF84-4649-B568-C8D3CEA021F6}.Debug|Any CPU.ActiveCfg = Debug|Any CPU
		{193D4EDD-AF84-4649-B568-C8D3CEA021F6}.Debug|Any CPU.Build.0 = Debug|Any CPU
		{193D4EDD-AF84-4649-B568-C8D3CEA021F6}.Release|Any CPU.ActiveCfg = Release|Any CPU
		{193D4EDD-AF84-4649-B568-C8D3CEA021F6}.Release|Any CPU.Build.0 = Release|Any CPU
		{DE3713F7-690B-4C55-83F6-EF963CC6FB5F}.Debug|Any CPU.ActiveCfg = Debug|Any CPU
		{DE3713F7-690B-4C55-83F6-EF963CC6FB5F}.Debug|Any CPU.Build.0 = Debug|Any CPU
		{DE3713F7-690B-4C55-83F6-EF963CC6FB5F}.Release|Any CPU.ActiveCfg = Release|Any CPU
		{DE3713F7-690B-4C55-83F6-EF963CC6FB5F}.Release|Any CPU.Build.0 = Release|Any CPU
		{845DD659-A9ED-48E3-A4B9-CD192A6D1F89}.Debug|Any CPU.ActiveCfg = Debug|Any CPU
		{845DD659-A9ED-48E3-A4B9-CD192A6D1F89}.Debug|Any CPU.Build.0 = Debug|Any CPU
		{845DD659-A9ED-48E3-A4B9-CD192A6D1F89}.Release|Any CPU.ActiveCfg = Release|Any CPU
		{845DD659-A9ED-48E3-A4B9-CD192A6D1F89}.Release|Any CPU.Build.0 = Release|Any CPU
		{6009A280-C1C3-4B3C-AFF0-1774E877E99C}.Debug|Any CPU.ActiveCfg = Debug|Any CPU
		{6009A280-C1C3-4B3C-AFF0-1774E877E99C}.Debug|Any CPU.Build.0 = Debug|Any CPU
		{6009A280-C1C3-4B3C-AFF0-1774E877E99C}.Release|Any CPU.ActiveCfg = Release|Any CPU
		{6009A280-C1C3-4B3C-AFF0-1774E877E99C}.Release|Any CPU.Build.0 = Release|Any CPU
		{27B392A8-0EB1-4744-B6EE-07B12532BF37}.Debug|Any CPU.ActiveCfg = Debug|Any CPU
		{27B392A8-0EB1-4744-B6EE-07B12532BF37}.Debug|Any CPU.Build.0 = Debug|Any CPU
		{27B392A8-0EB1-4744-B6EE-07B12532BF37}.Release|Any CPU.ActiveCfg = Release|Any CPU
		{27B392A8-0EB1-4744-B6EE-07B12532BF37}.Release|Any CPU.Build.0 = Release|Any CPU
		{39A1153C-7C7A-42FE-A214-2F630772C1F1}.Debug|Any CPU.ActiveCfg = Debug|Any CPU
		{39A1153C-7C7A-42FE-A214-2F630772C1F1}.Debug|Any CPU.Build.0 = Debug|Any CPU
		{39A1153C-7C7A-42FE-A214-2F630772C1F1}.Release|Any CPU.ActiveCfg = Release|Any CPU
		{39A1153C-7C7A-42FE-A214-2F630772C1F1}.Release|Any CPU.Build.0 = Release|Any CPU
		{9EDD7B24-B676-47C8-908F-D899C4F1DA7B}.Debug|Any CPU.ActiveCfg = Debug|Any CPU
		{9EDD7B24-B676-47C8-908F-D899C4F1DA7B}.Debug|Any CPU.Build.0 = Debug|Any CPU
		{9EDD7B24-B676-47C8-908F-D899C4F1DA7B}.Release|Any CPU.ActiveCfg = Release|Any CPU
		{9EDD7B24-B676-47C8-908F-D899C4F1DA7B}.Release|Any CPU.Build.0 = Release|Any CPU
		{1A5B4D2F-DC04-4369-B436-37BC711410CC}.Debug|Any CPU.ActiveCfg = Debug|Any CPU
		{1A5B4D2F-DC04-4369-B436-37BC711410CC}.Debug|Any CPU.Build.0 = Debug|Any CPU
		{1A5B4D2F-DC04-4369-B436-37BC711410CC}.Release|Any CPU.ActiveCfg = Release|Any CPU
		{1A5B4D2F-DC04-4369-B436-37BC711410CC}.Release|Any CPU.Build.0 = Release|Any CPU
	EndGlobalSection
	GlobalSection(SolutionProperties) = preSolution
		HideSolutionNode = FALSE
	EndGlobalSection
	GlobalSection(NestedProjects) = preSolution
		{9D7C6926-7E3C-4537-8FF0-D34D716FB61A} = {6622EB4A-4DB5-4AF8-AD5A-02D1634F411A}
		{87250CBD-6FB2-4AD6-B5A0-7DC59A92E835} = {6622EB4A-4DB5-4AF8-AD5A-02D1634F411A}
		{23A9D816-34D0-4BA3-8FA7-41F54AC860DB} = {6622EB4A-4DB5-4AF8-AD5A-02D1634F411A}
		{CFA9671E-E99D-473F-8579-4E91708120C3} = {6622EB4A-4DB5-4AF8-AD5A-02D1634F411A}
		{193D4EDD-AF84-4649-B568-C8D3CEA021F6} = {6622EB4A-4DB5-4AF8-AD5A-02D1634F411A}
		{DE3713F7-690B-4C55-83F6-EF963CC6FB5F} = {6622EB4A-4DB5-4AF8-AD5A-02D1634F411A}
		{27B392A8-0EB1-4744-B6EE-07B12532BF37} = {6622EB4A-4DB5-4AF8-AD5A-02D1634F411A}
		{39A1153C-7C7A-42FE-A214-2F630772C1F1} = {6622EB4A-4DB5-4AF8-AD5A-02D1634F411A}
		{9EDD7B24-B676-47C8-908F-D899C4F1DA7B} = {6622EB4A-4DB5-4AF8-AD5A-02D1634F411A}
		{1A5B4D2F-DC04-4369-B436-37BC711410CC} = {84EF677B-0D8F-4D7B-A5F8-86D5643111C8}
	EndGlobalSection
	GlobalSection(ExtensibilityGlobals) = postSolution
		SolutionGuid = {149DE944-C5DF-49BD-89EF-54EF69467AF6}
	EndGlobalSection
EndGlobal
