
Microsoft Visual Studio Solution File, Format Version 12.00
# Visual Studio 15
VisualStudioVersion = 15.0.28010.2016
MinimumVisualStudioVersion = 10.0.40219.1
Project("{9A19103F-16F7-4668-BE54-9A1E7A4F7556}") = "SJTech.Web", "SJTech.Web\SJTech.Web.csproj", "{6BEB798F-35A2-42E1-8096-C02C44AA18B1}"
EndProject
Project("{2150E333-8FDC-42A3-9474-1A3956D46DE8}") = "SJLib", "SJLib", "{6622EB4A-4DB5-4AF8-AD5A-02D1634F411A}"
EndProject
Project("{9A19103F-16F7-4668-BE54-9A1E7A4F7556}") = "SJTech.Mvc", "SJTech.Mvc\SJTech.Mvc.csproj", "{6009A280-C1C3-4B3C-AFF0-1774E877E99C}"
EndProject
Project("{9A19103F-16F7-4668-BE54-9A1E7A4F7556}") = "SJTech.Office", "SJTech.Office\SJTech.Office.csproj", "{27B392A8-0EB1-4744-B6EE-07B12532BF37}"
EndProject
Project("{9A19103F-16F7-4668-BE54-9A1E7A4F7556}") = "SJTech.Threads", "SJTech.Threads\SJTech.Threads.csproj", "{D9BF24F9-BC97-47D9-9828-0C52A23C2516}"
EndProject
Project("{9A19103F-16F7-4668-BE54-9A1E7A4F7556}") = "SJTech.Core", "SJTech.Web.Core\SJTech.Core.csproj", "{1E1C3F6D-54DE-4208-9FCA-6B9C6FD0153F}"
EndProject
Project("{9A19103F-16F7-4668-BE54-9A1E7A4F7556}") = "SJTech.Log", "SJTech.Web.Log\SJTech.Log.csproj", "{DA14824B-D86D-4911-A7EA-A7F0DF3703B2}"
EndProject
Project("{9A19103F-16F7-4668-BE54-9A1E7A4F7556}") = "SJTech.Repository", "SJTech.Web.Repository\SJTech.Repository.csproj", "{D533CE35-3337-4397-B75B-CD4535D0412D}"
EndProject
Project("{9A19103F-16F7-4668-BE54-9A1E7A4F7556}") = "SJTech.SMS", "SJTech.Web.SMS\SJTech.SMS.csproj", "{D398F813-BF20-405B-A331-47FE45804393}"
EndProject
Project("{9A19103F-16F7-4668-BE54-9A1E7A4F7556}") = "SJTech.Mvc.UI", "SJTech.Web.UI\SJTech.Mvc.UI.csproj", "{FA04F18E-9E00-4AE5-9C01-74F4B0D487D6}"
EndProject
Project("{9A19103F-16F7-4668-BE54-9A1E7A4F7556}") = "SJTech.Utility", "SJTech.Web.Utility\SJTech.Utility.csproj", "{132137F9-E472-4C1D-B0C9-7A68C5224ACF}"
EndProject
Project("{9A19103F-16F7-4668-BE54-9A1E7A4F7556}") = "SJTech.Service", "SJTech.Web.Service\SJTech.Service.csproj", "{377F51A6-8084-462B-A5F2-AD35D9152C76}"
EndProject
Global
	GlobalSection(SolutionConfigurationPlatforms) = preSolution
		Debug|Any CPU = Debug|Any CPU
		Release|Any CPU = Release|Any CPU
	EndGlobalSection
	GlobalSection(ProjectConfigurationPlatforms) = postSolution
		{6BEB798F-35A2-42E1-8096-C02C44AA18B1}.Debug|Any CPU.ActiveCfg = Debug|Any CPU
		{6BEB798F-35A2-42E1-8096-C02C44AA18B1}.Debug|Any CPU.Build.0 = Debug|Any CPU
		{6BEB798F-35A2-42E1-8096-C02C44AA18B1}.Release|Any CPU.ActiveCfg = Release|Any CPU
		{6BEB798F-35A2-42E1-8096-C02C44AA18B1}.Release|Any CPU.Build.0 = Release|Any CPU
		{6009A280-C1C3-4B3C-AFF0-1774E877E99C}.Debug|Any CPU.ActiveCfg = Debug|Any CPU
		{6009A280-C1C3-4B3C-AFF0-1774E877E99C}.Debug|Any CPU.Build.0 = Debug|Any CPU
		{6009A280-C1C3-4B3C-AFF0-1774E877E99C}.Release|Any CPU.ActiveCfg = Release|Any CPU
		{6009A280-C1C3-4B3C-AFF0-1774E877E99C}.Release|Any CPU.Build.0 = Release|Any CPU
		{27B392A8-0EB1-4744-B6EE-07B12532BF37}.Debug|Any CPU.ActiveCfg = Debug|Any CPU
		{27B392A8-0EB1-4744-B6EE-07B12532BF37}.Debug|Any CPU.Build.0 = Debug|Any CPU
		{27B392A8-0EB1-4744-B6EE-07B12532BF37}.Release|Any CPU.ActiveCfg = Release|Any CPU
		{27B392A8-0EB1-4744-B6EE-07B12532BF37}.Release|Any CPU.Build.0 = Release|Any CPU
		{D9BF24F9-BC97-47D9-9828-0C52A23C2516}.Debug|Any CPU.ActiveCfg = Debug|Any CPU
		{D9BF24F9-BC97-47D9-9828-0C52A23C2516}.Debug|Any CPU.Build.0 = Debug|Any CPU
		{D9BF24F9-BC97-47D9-9828-0C52A23C2516}.Release|Any CPU.ActiveCfg = Release|Any CPU
		{D9BF24F9-BC97-47D9-9828-0C52A23C2516}.Release|Any CPU.Build.0 = Release|Any CPU
		{1E1C3F6D-54DE-4208-9FCA-6B9C6FD0153F}.Debug|Any CPU.ActiveCfg = Debug|Any CPU
		{1E1C3F6D-54DE-4208-9FCA-6B9C6FD0153F}.Debug|Any CPU.Build.0 = Debug|Any CPU
		{1E1C3F6D-54DE-4208-9FCA-6B9C6FD0153F}.Release|Any CPU.ActiveCfg = Release|Any CPU
		{1E1C3F6D-54DE-4208-9FCA-6B9C6FD0153F}.Release|Any CPU.Build.0 = Release|Any CPU
		{DA14824B-D86D-4911-A7EA-A7F0DF3703B2}.Debug|Any CPU.ActiveCfg = Debug|Any CPU
		{DA14824B-D86D-4911-A7EA-A7F0DF3703B2}.Debug|Any CPU.Build.0 = Debug|Any CPU
		{DA14824B-D86D-4911-A7EA-A7F0DF3703B2}.Release|Any CPU.ActiveCfg = Release|Any CPU
		{DA14824B-D86D-4911-A7EA-A7F0DF3703B2}.Release|Any CPU.Build.0 = Release|Any CPU
		{D533CE35-3337-4397-B75B-CD4535D0412D}.Debug|Any CPU.ActiveCfg = Debug|Any CPU
		{D533CE35-3337-4397-B75B-CD4535D0412D}.Debug|Any CPU.Build.0 = Debug|Any CPU
		{D533CE35-3337-4397-B75B-CD4535D0412D}.Release|Any CPU.ActiveCfg = Release|Any CPU
		{D533CE35-3337-4397-B75B-CD4535D0412D}.Release|Any CPU.Build.0 = Release|Any CPU
		{D398F813-BF20-405B-A331-47FE45804393}.Debug|Any CPU.ActiveCfg = Debug|Any CPU
		{D398F813-BF20-405B-A331-47FE45804393}.Debug|Any CPU.Build.0 = Debug|Any CPU
		{D398F813-BF20-405B-A331-47FE45804393}.Release|Any CPU.ActiveCfg = Release|Any CPU
		{D398F813-BF20-405B-A331-47FE45804393}.Release|Any CPU.Build.0 = Release|Any CPU
		{FA04F18E-9E00-4AE5-9C01-74F4B0D487D6}.Debug|Any CPU.ActiveCfg = Debug|Any CPU
		{FA04F18E-9E00-4AE5-9C01-74F4B0D487D6}.Debug|Any CPU.Build.0 = Debug|Any CPU
		{FA04F18E-9E00-4AE5-9C01-74F4B0D487D6}.Release|Any CPU.ActiveCfg = Release|Any CPU
		{FA04F18E-9E00-4AE5-9C01-74F4B0D487D6}.Release|Any CPU.Build.0 = Release|Any CPU
		{132137F9-E472-4C1D-B0C9-7A68C5224ACF}.Debug|Any CPU.ActiveCfg = Debug|Any CPU
		{132137F9-E472-4C1D-B0C9-7A68C5224ACF}.Debug|Any CPU.Build.0 = Debug|Any CPU
		{132137F9-E472-4C1D-B0C9-7A68C5224ACF}.Release|Any CPU.ActiveCfg = Release|Any CPU
		{132137F9-E472-4C1D-B0C9-7A68C5224ACF}.Release|Any CPU.Build.0 = Release|Any CPU
		{377F51A6-8084-462B-A5F2-AD35D9152C76}.Debug|Any CPU.ActiveCfg = Debug|Any CPU
		{377F51A6-8084-462B-A5F2-AD35D9152C76}.Debug|Any CPU.Build.0 = Debug|Any CPU
		{377F51A6-8084-462B-A5F2-AD35D9152C76}.Release|Any CPU.ActiveCfg = Release|Any CPU
		{377F51A6-8084-462B-A5F2-AD35D9152C76}.Release|Any CPU.Build.0 = Release|Any CPU
	EndGlobalSection
	GlobalSection(SolutionProperties) = preSolution
		HideSolutionNode = FALSE
	EndGlobalSection
	GlobalSection(NestedProjects) = preSolution
		{27B392A8-0EB1-4744-B6EE-07B12532BF37} = {6622EB4A-4DB5-4AF8-AD5A-02D1634F411A}
		{D9BF24F9-BC97-47D9-9828-0C52A23C2516} = {6622EB4A-4DB5-4AF8-AD5A-02D1634F411A}
		{1E1C3F6D-54DE-4208-9FCA-6B9C6FD0153F} = {6622EB4A-4DB5-4AF8-AD5A-02D1634F411A}
		{DA14824B-D86D-4911-A7EA-A7F0DF3703B2} = {6622EB4A-4DB5-4AF8-AD5A-02D1634F411A}
		{D533CE35-3337-4397-B75B-CD4535D0412D} = {6622EB4A-4DB5-4AF8-AD5A-02D1634F411A}
		{D398F813-BF20-405B-A331-47FE45804393} = {6622EB4A-4DB5-4AF8-AD5A-02D1634F411A}
		{FA04F18E-9E00-4AE5-9C01-74F4B0D487D6} = {6622EB4A-4DB5-4AF8-AD5A-02D1634F411A}
		{132137F9-E472-4C1D-B0C9-7A68C5224ACF} = {6622EB4A-4DB5-4AF8-AD5A-02D1634F411A}
	EndGlobalSection
	GlobalSection(ExtensibilityGlobals) = postSolution
		SolutionGuid = {149DE944-C5DF-49BD-89EF-54EF69467AF6}
	EndGlobalSection
EndGlobal
